
Microsoft Visual Studio Solution File, Format Version 12.00
# Visual Studio Version 16
VisualStudioVersion = 16.0.32126.315
MinimumVisualStudioVersion = 10.0.40219.1
Project("{FAE04EC0-301F-11D3-BF4B-00C04F79EFBC}") = "01. Reverse Strings", "01. Reverse Strings\01. Reverse Strings.csproj", "{343472B0-B936-4914-B578-9F305D326FD0}"
EndProject
Project("{FAE04EC0-301F-11D3-BF4B-00C04F79EFBC}") = "02. Repeat Strings", "02. Repeat Strings\02. Repeat Strings.csproj", "{60E04FE6-D545-43BA-B70F-CD52A272D2C7}"
EndProject
Project("{FAE04EC0-301F-11D3-BF4B-00C04F79EFBC}") = "03. Substring", "03. Substring\03. Substring.csproj", "{0921179C-8FCD-4A76-830A-3493081B4373}"
EndProject
Project("{FAE04EC0-301F-11D3-BF4B-00C04F79EFBC}") = "04. Text Filter", "04. Text Filter\04. Text Filter.csproj", "{0E08F6AD-40B0-492B-9029-D010A94E70DC}"
EndProject
Project("{FAE04EC0-301F-11D3-BF4B-00C04F79EFBC}") = "05. Digits, Letters and Other", "05. Digits, Letters and Other\05. Digits, Letters and Other.csproj", "{6F908BB9-F917-4BFD-8D53-0972A47183B1}"
EndProject
Global
	GlobalSection(SolutionConfigurationPlatforms) = preSolution
		Debug|Any CPU = Debug|Any CPU
		Release|Any CPU = Release|Any CPU
	EndGlobalSection
	GlobalSection(ProjectConfigurationPlatforms) = postSolution
		{343472B0-B936-4914-B578-9F305D326FD0}.Debug|Any CPU.ActiveCfg = Debug|Any CPU
		{343472B0-B936-4914-B578-9F305D326FD0}.Debug|Any CPU.Build.0 = Debug|Any CPU
		{343472B0-B936-4914-B578-9F305D326FD0}.Release|Any CPU.ActiveCfg = Release|Any CPU
		{343472B0-B936-4914-B578-9F305D326FD0}.Release|Any CPU.Build.0 = Release|Any CPU
		{60E04FE6-D545-43BA-B70F-CD52A272D2C7}.Debug|Any CPU.ActiveCfg = Debug|Any CPU
		{60E04FE6-D545-43BA-B70F-CD52A272D2C7}.Debug|Any CPU.Build.0 = Debug|Any CPU
		{60E04FE6-D545-43BA-B70F-CD52A272D2C7}.Release|Any CPU.ActiveCfg = Release|Any CPU
		{60E04FE6-D545-43BA-B70F-CD52A272D2C7}.Release|Any CPU.Build.0 = Release|Any CPU
		{0921179C-8FCD-4A76-830A-3493081B4373}.Debug|Any CPU.ActiveCfg = Debug|Any CPU
		{0921179C-8FCD-4A76-830A-3493081B4373}.Debug|Any CPU.Build.0 = Debug|Any CPU
		{0921179C-8FCD-4A76-830A-3493081B4373}.Release|Any CPU.ActiveCfg = Release|Any CPU
		{0921179C-8FCD-4A76-830A-3493081B4373}.Release|Any CPU.Build.0 = Release|Any CPU
		{0E08F6AD-40B0-492B-9029-D010A94E70DC}.Debug|Any CPU.ActiveCfg = Debug|Any CPU
		{0E08F6AD-40B0-492B-9029-D010A94E70DC}.Debug|Any CPU.Build.0 = Debug|Any CPU
		{0E08F6AD-40B0-492B-9029-D010A94E70DC}.Release|Any CPU.ActiveCfg = Release|Any CPU
		{0E08F6AD-40B0-492B-9029-D010A94E70DC}.Release|Any CPU.Build.0 = Release|Any CPU
		{6F908BB9-F917-4BFD-8D53-0972A47183B1}.Debug|Any CPU.ActiveCfg = Debug|Any CPU
		{6F908BB9-F917-4BFD-8D53-0972A47183B1}.Debug|Any CPU.Build.0 = Debug|Any CPU
		{6F908BB9-F917-4BFD-8D53-0972A47183B1}.Release|Any CPU.ActiveCfg = Release|Any CPU
		{6F908BB9-F917-4BFD-8D53-0972A47183B1}.Release|Any CPU.Build.0 = Release|Any CPU
	EndGlobalSection
	GlobalSection(SolutionProperties) = preSolution
		HideSolutionNode = FALSE
	EndGlobalSection
	GlobalSection(ExtensibilityGlobals) = postSolution
		SolutionGuid = {1F12A8A3-431A-462D-A877-347DED4715E7}
	EndGlobalSection
EndGlobal
