
Microsoft Visual Studio Solution File, Format Version 12.00
# Visual Studio Version 16
VisualStudioVersion = 16.0.32126.315
MinimumVisualStudioVersion = 10.0.40219.1
Project("{9A19103F-16F7-4668-BE54-9A1E7A4F7556}") = "01. Guinea Pig", "01. Guinea Pig\01. Guinea Pig.csproj", "{1D4A8D4B-256E-46A9-8F49-F11EEECD9F29}"
EndProject
Project("{FAE04EC0-301F-11D3-BF4B-00C04F79EFBC}") = "02. TheLift", "02. TheLift\02. TheLift.csproj", "{83160E49-18CC-4C00-A527-66E28540A604}"
EndProject
Project("{FAE04EC0-301F-11D3-BF4B-00C04F79EFBC}") = "03. MovingTarget", "03. MovingTarget\03. MovingTarget.csproj", "{DD16DEC4-FB07-4514-A3F1-072559791DD5}"
EndProject
Global
	GlobalSection(SolutionConfigurationPlatforms) = preSolution
		Debug|Any CPU = Debug|Any CPU
		Release|Any CPU = Release|Any CPU
	EndGlobalSection
	GlobalSection(ProjectConfigurationPlatforms) = postSolution
		{1D4A8D4B-256E-46A9-8F49-F11EEECD9F29}.Debug|Any CPU.ActiveCfg = Debug|Any CPU
		{1D4A8D4B-256E-46A9-8F49-F11EEECD9F29}.Debug|Any CPU.Build.0 = Debug|Any CPU
		{1D4A8D4B-256E-46A9-8F49-F11EEECD9F29}.Release|Any CPU.ActiveCfg = Release|Any CPU
		{1D4A8D4B-256E-46A9-8F49-F11EEECD9F29}.Release|Any CPU.Build.0 = Release|Any CPU
		{83160E49-18CC-4C00-A527-66E28540A604}.Debug|Any CPU.ActiveCfg = Debug|Any CPU
		{83160E49-18CC-4C00-A527-66E28540A604}.Debug|Any CPU.Build.0 = Debug|Any CPU
		{83160E49-18CC-4C00-A527-66E28540A604}.Release|Any CPU.ActiveCfg = Release|Any CPU
		{83160E49-18CC-4C00-A527-66E28540A604}.Release|Any CPU.Build.0 = Release|Any CPU
		{DD16DEC4-FB07-4514-A3F1-072559791DD5}.Debug|Any CPU.ActiveCfg = Debug|Any CPU
		{DD16DEC4-FB07-4514-A3F1-072559791DD5}.Debug|Any CPU.Build.0 = Debug|Any CPU
		{DD16DEC4-FB07-4514-A3F1-072559791DD5}.Release|Any CPU.ActiveCfg = Release|Any CPU
		{DD16DEC4-FB07-4514-A3F1-072559791DD5}.Release|Any CPU.Build.0 = Release|Any CPU
	EndGlobalSection
	GlobalSection(SolutionProperties) = preSolution
		HideSolutionNode = FALSE
	EndGlobalSection
	GlobalSection(ExtensibilityGlobals) = postSolution
		SolutionGuid = {E237DD55-E300-4F06-8F77-E2B240A33960}
	EndGlobalSection
EndGlobal
